# THIS IS AN AUTOGENERATED FILE. DO NOT EDIT THIS FILE DIRECTLY.
# yarn lockfile v1


"@redis/bloom@1.2.0":
  version "1.2.0"
  resolved "https://registry.yarnpkg.com/@redis/bloom/-/bloom-1.2.0.tgz#d3fd6d3c0af3ef92f26767b56414a370c7b63b71"
  integrity sha512-HG2DFjYKbpNmVXsa0keLHp/3leGJz1mjh09f2RLGGLQZzSHpkmZWuwJbAvo3QcRY8p80m5+ZdXZdYOSBLlp7Cg==

"@redis/client@1.5.16":
  version "1.5.16"
  resolved "https://registry.yarnpkg.com/@redis/client/-/client-1.5.16.tgz#1d5919077a06a4b935b0e4bef9e036eef1a10371"
  integrity sha512-X1a3xQ5kEMvTib5fBrHKh6Y+pXbeKXqziYuxOUo1ojQNECg4M5Etd1qqyhMap+lFUOAh8S7UYevgJHOm4A+NOg==
  dependencies:
    cluster-key-slot "1.1.2"
    generic-pool "3.9.0"
    yallist "4.0.0"

"@redis/graph@1.1.1":
  version "1.1.1"
  resolved "https://registry.yarnpkg.com/@redis/graph/-/graph-1.1.1.tgz#8c10df2df7f7d02741866751764031a957a170ea"
  integrity sha512-FEMTcTHZozZciLRl6GiiIB4zGm5z5F3F6a6FZCyrfxdKOhFlGkiAqlexWMBzCi4DcRoyiOsuLfW+cjlGWyExOw==

"@redis/json@1.0.6":
  version "1.0.6"
  resolved "https://registry.yarnpkg.com/@redis/json/-/json-1.0.6.tgz#b7a7725bbb907765d84c99d55eac3fcf772e180e"
  integrity sha512-rcZO3bfQbm2zPRpqo82XbW8zg4G/w4W3tI7X8Mqleq9goQjAGLL7q/1n1ZX4dXEAmORVZ4s1+uKLaUOg7LrUhw==

"@redis/search@1.1.6":
  version "1.1.6"
  resolved "https://registry.yarnpkg.com/@redis/search/-/search-1.1.6.tgz#33bcdd791d9ed88ab6910243a355d85a7fedf756"
  integrity sha512-mZXCxbTYKBQ3M2lZnEddwEAks0Kc7nauire8q20oA0oA/LoA+E/b5Y5KZn232ztPb1FkIGqo12vh3Lf+Vw5iTw==

"@redis/time-series@1.0.5":
  version "1.0.5"
  resolved "https://registry.yarnpkg.com/@redis/time-series/-/time-series-1.0.5.tgz#a6d70ef7a0e71e083ea09b967df0a0ed742bc6ad"
  integrity sha512-IFjIgTusQym2B5IZJG3XKr5llka7ey84fw/NOYqESP5WUfQs9zz1ww/9+qoz4ka/S6KcGBodzlCeZ5UImKbscg==

"@swc/core-darwin-arm64@1.5.7":
  version "1.5.7"
  resolved "https://registry.yarnpkg.com/@swc/core-darwin-arm64/-/core-darwin-arm64-1.5.7.tgz#2b5cdbd34e4162e50de6147dd1a5cb12d23b08e8"
  integrity sha512-bZLVHPTpH3h6yhwVl395k0Mtx8v6CGhq5r4KQdAoPbADU974Mauz1b6ViHAJ74O0IVE5vyy7tD3OpkQxL/vMDQ==

"@swc/core-darwin-x64@1.5.7":
  version "1.5.7"
  resolved "https://registry.yarnpkg.com/@swc/core-darwin-x64/-/core-darwin-x64-1.5.7.tgz#6aa7e3c01ab8e5e41597f8a24ff24c4e50936a46"
  integrity sha512-RpUyu2GsviwTc2qVajPL0l8nf2vKj5wzO3WkLSHAHEJbiUZk83NJrZd1RVbEknIMO7+Uyjh54hEh8R26jSByaw==

"@swc/core-linux-arm-gnueabihf@1.5.7":
  version "1.5.7"
  resolved "https://registry.yarnpkg.com/@swc/core-linux-arm-gnueabihf/-/core-linux-arm-gnueabihf-1.5.7.tgz#160108633b9e1d1ad05f815bedc7e9eb5d59fc2a"
  integrity sha512-cTZWTnCXLABOuvWiv6nQQM0hP6ZWEkzdgDvztgHI/+u/MvtzJBN5lBQ2lue/9sSFYLMqzqff5EHKlFtrJCA9dQ==

"@swc/core-linux-arm64-gnu@1.5.7":
  version "1.5.7"
  resolved "https://registry.yarnpkg.com/@swc/core-linux-arm64-gnu/-/core-linux-arm64-gnu-1.5.7.tgz#cbfa512683c73227ad25552f3b3e722b0e7fbd1d"
  integrity sha512-hoeTJFBiE/IJP30Be7djWF8Q5KVgkbDtjySmvYLg9P94bHg9TJPSQoC72tXx/oXOgXvElDe/GMybru0UxhKx4g==

"@swc/core-linux-arm64-musl@1.5.7":
  version "1.5.7"
  resolved "https://registry.yarnpkg.com/@swc/core-linux-arm64-musl/-/core-linux-arm64-musl-1.5.7.tgz#80239cb58fe57f3c86b44617fe784530ec55ee2b"
  integrity sha512-+NDhK+IFTiVK1/o7EXdCeF2hEzCiaRSrb9zD7X2Z7inwWlxAntcSuzZW7Y6BRqGQH89KA91qYgwbnjgTQ22PiQ==

"@swc/core-linux-x64-gnu@1.5.7":
  version "1.5.7"
  resolved "https://registry.yarnpkg.com/@swc/core-linux-x64-gnu/-/core-linux-x64-gnu-1.5.7.tgz#a699c1632de60b6a63b7fdb7abcb4fef317e57ca"
  integrity sha512-25GXpJmeFxKB+7pbY7YQLhWWjkYlR+kHz5I3j9WRl3Lp4v4UD67OGXwPe+DIcHqcouA1fhLhsgHJWtsaNOMBNg==

"@swc/core-linux-x64-musl@1.5.7":
  version "1.5.7"
  resolved "https://registry.yarnpkg.com/@swc/core-linux-x64-musl/-/core-linux-x64-musl-1.5.7.tgz#8e4c203d6bc41e7f85d7d34d0fdf4ef751fa626c"
  integrity sha512-0VN9Y5EAPBESmSPPsCJzplZHV26akC0sIgd3Hc/7S/1GkSMoeuVL+V9vt+F/cCuzr4VidzSkqftdP3qEIsXSpg==

"@swc/core-win32-arm64-msvc@1.5.7":
  version "1.5.7"
  resolved "https://registry.yarnpkg.com/@swc/core-win32-arm64-msvc/-/core-win32-arm64-msvc-1.5.7.tgz#31e3d42b8c0aa79f0ea1a980c0dd1a999d378ed7"
  integrity sha512-RtoNnstBwy5VloNCvmvYNApkTmuCe4sNcoYWpmY7C1+bPR+6SOo8im1G6/FpNem8AR5fcZCmXHWQ+EUmRWJyuA==

"@swc/core-win32-ia32-msvc@1.5.7":
  version "1.5.7"
  resolved "https://registry.yarnpkg.com/@swc/core-win32-ia32-msvc/-/core-win32-ia32-msvc-1.5.7.tgz#a235285f9f62850aefcf9abb03420f2c54f63638"
  integrity sha512-Xm0TfvcmmspvQg1s4+USL3x8D+YPAfX2JHygvxAnCJ0EHun8cm2zvfNBcsTlnwYb0ybFWXXY129aq1wgFC9TpQ==

"@swc/core-win32-x64-msvc@1.5.7":
  version "1.5.7"
  resolved "https://registry.yarnpkg.com/@swc/core-win32-x64-msvc/-/core-win32-x64-msvc-1.5.7.tgz#f84641393b5223450d00d97bfff877b8b69d7c9b"
  integrity sha512-tp43WfJLCsKLQKBmjmY/0vv1slVywR5Q4qKjF5OIY8QijaEW7/8VwPyUyVoJZEnDgv9jKtUTG5PzqtIYPZGnyg==

"@swc/core@^1.5.7":
  version "1.5.7"
  resolved "https://registry.yarnpkg.com/@swc/core/-/core-1.5.7.tgz#e1db7b9887d5f34eb4a3256a738d0c5f1b018c33"
  integrity sha512-U4qJRBefIJNJDRCCiVtkfa/hpiZ7w0R6kASea+/KLp+vkus3zcLSB8Ub8SvKgTIxjWpwsKcZlPf5nrv4ls46SQ==
  dependencies:
    "@swc/counter" "^0.1.2"
    "@swc/types" "0.1.7"
  optionalDependencies:
    "@swc/core-darwin-arm64" "1.5.7"
    "@swc/core-darwin-x64" "1.5.7"
    "@swc/core-linux-arm-gnueabihf" "1.5.7"
    "@swc/core-linux-arm64-gnu" "1.5.7"
    "@swc/core-linux-arm64-musl" "1.5.7"
    "@swc/core-linux-x64-gnu" "1.5.7"
    "@swc/core-linux-x64-musl" "1.5.7"
    "@swc/core-win32-arm64-msvc" "1.5.7"
    "@swc/core-win32-ia32-msvc" "1.5.7"
    "@swc/core-win32-x64-msvc" "1.5.7"

"@swc/counter@^0.1.2", "@swc/counter@^0.1.3":
  version "0.1.3"
  resolved "https://registry.yarnpkg.com/@swc/counter/-/counter-0.1.3.tgz#cc7463bd02949611c6329596fccd2b0ec782b0e9"
  integrity sha512-e2BR4lsJkkRlKZ/qCHPw9ZaSxc0MVUd7gtbtaB7aMvHeJVYe8sOB8DBZkP2DtISHGSku9sCK6T6cnY0CtXrOCQ==

"@swc/types@0.1.7":
  version "0.1.7"
  resolved "https://registry.yarnpkg.com/@swc/types/-/types-0.1.7.tgz#ea5d658cf460abff51507ca8d26e2d391bafb15e"
  integrity sha512-scHWahbHF0eyj3JsxG9CFJgFdFNaVQCNAimBlT6PzS3n/HptxqREjsm4OH6AN3lYcffZYSPxXW8ua2BEHp0lJQ==
  dependencies:
    "@swc/counter" "^0.1.3"

"@types/node@^20.12.12":
  version "20.12.12"
  resolved "https://registry.yarnpkg.com/@types/node/-/node-20.12.12.tgz#7cbecdf902085cec634fdb362172dfe12b8f2050"
  integrity sha512-eWLDGF/FOSPtAvEqeRAQ4C8LSA7M1I7i0ky1I8U7kD1J5ITyW3AsRhQrKVoWf5pFKZ2kILsEGJhsI9r93PYnOw==
  dependencies:
    undici-types "~5.26.4"

cache-manager@^5.5.2:
  version "5.5.2"
  resolved "https://registry.yarnpkg.com/cache-manager/-/cache-manager-5.5.2.tgz#011f5e8ac9706291f1b1e326ac8bb3e81565965b"
  integrity sha512-HozSRPCBB26O1ZVIzX8GjauYMoZOpWcArqRIFlPKr+Mm3o+p/6VcHxRt8ia0F/tMwZdKxpHG0M+Am5Qh9FmfKw==
  dependencies:
    eventemitter3 "^5.0.1"
    lodash.clonedeep "^4.5.0"
    lru-cache "^10.2.2"
    promise-coalesce "^1.1.2"

cluster-key-slot@1.1.2:
  version "1.1.2"
  resolved "https://registry.yarnpkg.com/cluster-key-slot/-/cluster-key-slot-1.1.2.tgz#88ddaa46906e303b5de30d3153b7d9fe0a0c19ac"
  integrity sha512-RMr0FhtfXemyinomL4hrWcYJxmX6deFdCxpJzhDttxgO1+bcCnkk+9drydLVDmAMG7NE6aN/fl4F7ucU/90gAA==

eventemitter3@^5.0.1:
  version "5.0.1"
  resolved "https://registry.yarnpkg.com/eventemitter3/-/eventemitter3-5.0.1.tgz#53f5ffd0a492ac800721bb42c66b841de96423c4"
  integrity sha512-GWkBvjiSZK87ELrYOSESUYeVIc9mvLLf/nXalMOS5dYrgZq9o5OVkbZAVM06CVxYsCwH9BDZFPlQTlPA1j4ahA==

generic-pool@3.9.0:
  version "3.9.0"
  resolved "https://registry.yarnpkg.com/generic-pool/-/generic-pool-3.9.0.tgz#36f4a678e963f4fdb8707eab050823abc4e8f5e4"
  integrity sha512-hymDOu5B53XvN4QT9dBmZxPX4CWhBPPLguTZ9MMFeFa/Kg0xWVfylOVNlJji/E7yTZWFd/q9GO5TxDLq156D7g==

lodash.clonedeep@^4.5.0:
  version "4.5.0"
  resolved "https://registry.yarnpkg.com/lodash.clonedeep/-/lodash.clonedeep-4.5.0.tgz#e23f3f9c4f8fbdde872529c1071857a086e5ccef"
  integrity sha512-H5ZhCF25riFd9uB5UCkVKo61m3S/xZk1x4wA6yp/L3RFP6Z/eHH1ymQcGLo7J3GMPfm0V/7m1tryHuGVxpqEBQ==

lru-cache@^10.2.2:
  version "10.2.2"
  resolved "https://registry.yarnpkg.com/lru-cache/-/lru-cache-10.2.2.tgz#48206bc114c1252940c41b25b41af5b545aca878"
  integrity sha512-9hp3Vp2/hFQUiIwKo8XCeFVnrg8Pk3TYNPIR7tJADKi5YfcF7vEaK7avFHTlSy3kOKYaJQaalfEo6YuXdceBOQ==

promise-coalesce@^1.1.2:
  version "1.1.2"
  resolved "https://registry.yarnpkg.com/promise-coalesce/-/promise-coalesce-1.1.2.tgz#5d3bc4d0b2cf2e41e9df7cbeb6519b2a09459e3d"
  integrity sha512-zLaJ9b8hnC564fnJH6NFSOGZYYdzrAJn2JUUIwzoQb32fG2QAakpDNM+CZo1km6keXkRXRM+hml1BFAPVnPkxg==

redis@^4.6.14:
  version "4.6.14"
  resolved "https://registry.yarnpkg.com/redis/-/redis-4.6.14.tgz#599e49b65816c56a6683f6b19dc374c8e786d091"
  integrity sha512-GrNg/e33HtsQwNXL7kJT+iNFPSwE1IPmd7wzV3j4f2z0EYxZfZE7FVTmUysgAtqQQtg5NXF5SNLR9OdO/UHOfw==
  dependencies:
    "@redis/bloom" "1.2.0"
    "@redis/client" "1.5.16"
    "@redis/graph" "1.1.1"
    "@redis/json" "1.0.6"
    "@redis/search" "1.1.6"
    "@redis/time-series" "1.0.5"

typescript@^5.4.5:
  version "5.4.5"
  resolved "https://registry.yarnpkg.com/typescript/-/typescript-5.4.5.tgz#42ccef2c571fdbd0f6718b1d1f5e6e5ef006f611"
  integrity sha512-vcI4UpRgg81oIRUFwR0WSIHKt11nJ7SAVlYNIu+QpqeyXP+gpQJy/Z4+F0aGxSE4MqwjyXvW/TzgkLAx2AGHwQ==

undici-types@~5.26.4:
  version "5.26.5"
  resolved "https://registry.yarnpkg.com/undici-types/-/undici-types-5.26.5.tgz#bcd539893d00b56e964fd2657a4866b221a65617"
  integrity sha512-JlCMO+ehdEIKqlFxk6IfVoAUVmgz7cU7zD/h9XZ0qzeosSHmUJVOzSQvvYSYWXkFXC+IfLKSIffhv0sVZup6pA==

yallist@4.0.0:
  version "4.0.0"
  resolved "https://registry.yarnpkg.com/yallist/-/yallist-4.0.0.tgz#9bb92790d9c0effec63be73519e11a35019a3a72"
  integrity sha512-3wdGidZyq5PB084XLES5TpOSRA3wjXAlIWMhum2kRcv/41Sn2emQ0dycQW4uZXLejwKvg6EsvbdlVL+FYEct7A==
